
Microsoft Visual Studio Solution File, Format Version 12.00
# Visual Studio Version 17
VisualStudioVersion = 17.11.35222.181
MinimumVisualStudioVersion = 10.0.40219.1
Project("{FAE04EC0-301F-11D3-BF4B-00C04F79EFBC}") = "myFirstAsp.Net", "myFirstAsp.Net\myFirstAsp.Net.csproj", "{081DD213-7A9A-4EDD-B78C-C8356A36246D}"
EndProject
Global
	GlobalSection(SolutionConfigurationPlatforms) = preSolution
		Debug|Any CPU = Debug|Any CPU
		Release|Any CPU = Release|Any CPU
	EndGlobalSection
	GlobalSection(ProjectConfigurationPlatforms) = postSolution
		{081DD213-7A9A-4EDD-B78C-C8356A36246D}.Debug|Any CPU.ActiveCfg = Debug|Any CPU
		{081DD213-7A9A-4EDD-B78C-C8356A36246D}.Debug|Any CPU.Build.0 = Debug|Any CPU
		{081DD213-7A9A-4EDD-B78C-C8356A36246D}.Release|Any CPU.ActiveCfg = Release|Any CPU
		{081DD213-7A9A-4EDD-B78C-C8356A36246D}.Release|Any CPU.Build.0 = Release|Any CPU
	EndGlobalSection
	GlobalSection(SolutionProperties) = preSolution
		HideSolutionNode = FALSE
	EndGlobalSection
	GlobalSection(ExtensibilityGlobals) = postSolution
		SolutionGuid = {38862C0D-4E91-4C0E-ADC1-A625625C54F5}
	EndGlobalSection
EndGlobal
